{
  "object": {
    "pins": [
      {
        "package": "CFFmpeg",
        "repositoryURL": "https://github.com/sunlubo/CFFmpeg.git",
        "state": {
          "branch": null,
          "revision": "e2e5f1a3885f1d58115d8fabef45ab92224cf924",
          "version": "1.0.2"
        }
      }
    ]
  },
  "version": 1
}
